<?xml version="1.0" encoding="utf-8"?>
<Project ToolsVersion="4.0" xmlns="http://schemas.microsoft.com/developer/msbuild/2003">
  <ItemGroup>
    <Filter Include="src">
      <UniqueIdentifier>{310242f1-3f0d-4268-89de-7104d167bc4f}</UniqueIdentifier>
    </Filter>
  </ItemGroup>
  <ItemGroup>
    <ClCompile Include="main.cpp" />
    <ClCompile Include="src\a-star.cpp">
      <Filter>src</Filter>
    </ClCompile>
    <ClCompile Include="src\block_allocator.cpp">
      <Filter>src</Filter>
    </ClCompile>
    <ClCompile Include="src\singleton.cpp">
      <Filter>src</Filter>
    </ClCompile>
  </ItemGroup>
  <ItemGroup>
    <ClInclude Include="src\a-star.h">
      <Filter>src</Filter>
    </ClInclude>
    <ClInclude Include="src\block_allocator.h">
      <Filter>src</Filter>
    </ClInclude>
    <ClInclude Include="src\duration.h">
      <Filter>src</Filter>
    </ClInclude>
    <ClInclude Include="src\singleton.h">
      <Filter>src</Filter>
    </ClInclude>
  </ItemGroup>
</Project>